# This file was autogenerated by Stack.
# You should not edit this file by hand.
# For more information, please see the documentation at:
#   https://docs.haskellstack.org/en/stable/lock_files

packages:
- completed:
    hackage: X11-1.9.2@sha256:3ceba115335fb9b6837274c3c55d299d22adcabfa3d00c543f4124091bb8149d,3596
    pantry-tree:
      size: 2761
      sha256: 24fcd530aa8da48dc4bab6d26f5c6ef433aed57212bf57bdaaa50ae6dbbff8c8
  original:
    hackage: X11-1.9.2
snapshots:
- completed:
    size: 532380
    url: https://raw.githubusercontent.com/commercialhaskell/stackage-snapshots/master/lts/16/16.yaml
    sha256: d6b004b095fe2a0b8b14fbc30014ee97e58843b9c9362ddb9244273dda62649e
  original: lts-16.16
